
Microsoft Visual Studio Solution File, Format Version 12.00
# Visual Studio Version 17
VisualStudioVersion = 17.8.34309.116
MinimumVisualStudioVersion = 10.0.40219.1
Project("{FAE04EC0-301F-11D3-BF4B-00C04F79EFBC}") = "Epay test task- Denomination", "Epay test task- Denomination\Epay test task- Denomination.csproj", "{238BBBE1-831B-4FDA-969C-49C0F741563B}"
EndProject
Global
	GlobalSection(SolutionConfigurationPlatforms) = preSolution
		Debug|Any CPU = Debug|Any CPU
		Release|Any CPU = Release|Any CPU
	EndGlobalSection
	GlobalSection(ProjectConfigurationPlatforms) = postSolution
		{238BBBE1-831B-4FDA-969C-49C0F741563B}.Debug|Any CPU.ActiveCfg = Debug|Any CPU
		{238BBBE1-831B-4FDA-969C-49C0F741563B}.Debug|Any CPU.Build.0 = Debug|Any CPU
		{238BBBE1-831B-4FDA-969C-49C0F741563B}.Release|Any CPU.ActiveCfg = Release|Any CPU
		{238BBBE1-831B-4FDA-969C-49C0F741563B}.Release|Any CPU.Build.0 = Release|Any CPU
	EndGlobalSection
	GlobalSection(SolutionProperties) = preSolution
		HideSolutionNode = FALSE
	EndGlobalSection
	GlobalSection(ExtensibilityGlobals) = postSolution
		SolutionGuid = {F017E20A-B135-460D-8F58-467C2E5CEFED}
	EndGlobalSection
EndGlobal
